// !$*UTF8*$!
{
	archiveVersion = 1;
	classes = {
	};
	objectVersion = 46;
	objects = {

/* Begin PBXBuildFile section */
		CE117BF71F0E9821001B2A58 /* ShoppingTableViewCell.swift in Sources */ = {isa = PBXBuildFile; fileRef = CE117BF61F0E9821001B2A58 /* ShoppingTableViewCell.swift */; };
		CE117BF91F0E984C001B2A58 /* ShoppingViewController.swift in Sources */ = {isa = PBXBuildFile; fileRef = CE117BF81F0E984C001B2A58 /* ShoppingViewController.swift */; };
		CE7284C41F0BFA6400D15D97 /* Tasks.swift in Sources */ = {isa = PBXBuildFile; fileRef = CE7284C31F0BFA6400D15D97 /* Tasks.swift */; };
		CE7284C61F0C07A800D15D97 /* TodoViewController.swift in Sources */ = {isa = PBXBuildFile; fileRef = CE7284C51F0C07A800D15D97 /* TodoViewController.swift */; };
		CE7284CB1F0C07E600D15D97 /* TodoTableViewCell.swift in Sources */ = {isa = PBXBuildFile; fileRef = CE7284CA1F0C07E600D15D97 /* TodoTableViewCell.swift */; };
		CE817EA51F0A9FB5005EFDA3 /* AppDelegate.swift in Sources */ = {isa = PBXBuildFile; fileRef = CE817EA41F0A9FB5005EFDA3 /* AppDelegate.swift */; };
		CE817EA71F0A9FB5005EFDA3 /* ViewController.swift in Sources */ = {isa = PBXBuildFile; fileRef = CE817EA61F0A9FB5005EFDA3 /* ViewController.swift */; };
		CE817EAA1F0A9FB5005EFDA3 /* Main.storyboard in Resources */ = {isa = PBXBuildFile; fileRef = CE817EA81F0A9FB5005EFDA3 /* Main.storyboard */; };
		CE817EAC1F0A9FB5005EFDA3 /* Assets.xcassets in Resources */ = {isa = PBXBuildFile; fileRef = CE817EAB1F0A9FB5005EFDA3 /* Assets.xcassets */; };
		CE817EAF1F0A9FB5005EFDA3 /* LaunchScreen.storyboard in Resources */ = {isa = PBXBuildFile; fileRef = CE817EAD1F0A9FB5005EFDA3 /* LaunchScreen.storyboard */; };
/* End PBXBuildFile section */

/* Begin PBXFileReference section */
		CE117BF61F0E9821001B2A58 /* ShoppingTableViewCell.swift */ = {isa = PBXFileReference; fileEncoding = 4; lastKnownFileType = sourcecode.swift; path = ShoppingTableViewCell.swift; sourceTree = "<group>"; };
		CE117BF81F0E984C001B2A58 /* ShoppingViewController.swift */ = {isa = PBXFileReference; fileEncoding = 4; lastKnownFileType = sourcecode.swift; path = ShoppingViewController.swift; sourceTree = "<group>"; };
		CE7284C31F0BFA6400D15D97 /* Tasks.swift */ = {isa = PBXFileReference; fileEncoding = 4; lastKnownFileType = sourcecode.swift; path = Tasks.swift; sourceTree = "<group>"; };
		CE7284C51F0C07A800D15D97 /* TodoViewController.swift */ = {isa = PBXFileReference; fileEncoding = 4; lastKnownFileType = sourcecode.swift; path = TodoViewController.swift; sourceTree = "<group>"; };
		CE7284CA1F0C07E600D15D97 /* TodoTableViewCell.swift */ = {isa = PBXFileReference; fileEncoding = 4; lastKnownFileType = sourcecode.swift; path = TodoTableViewCell.swift; sourceTree = "<group>"; };
		CE817EA11F0A9FB5005EFDA3 /* homework7.app */ = {isa = PBXFileReference; explicitFileType = wrapper.application; includeInIndex = 0; path = homework7.app; sourceTree = BUILT_PRODUCTS_DIR; };
		CE817EA41F0A9FB5005EFDA3 /* AppDelegate.swift */ = {isa = PBXFileReference; lastKnownFileType = sourcecode.swift; path = AppDelegate.swift; sourceTree = "<group>"; };
		CE817EA61F0A9FB5005EFDA3 /* ViewController.swift */ = {isa = PBXFileReference; lastKnownFileType = sourcecode.swift; path = ViewController.swift; sourceTree = "<group>"; };
		CE817EA91F0A9FB5005EFDA3 /* Base */ = {isa = PBXFileReference; lastKnownFileType = file.storyboard; name = Base; path = Base.lproj/Main.storyboard; sourceTree = "<group>"; };
		CE817EAB1F0A9FB5005EFDA3 /* Assets.xcassets */ = {isa = PBXFileReference; lastKnownFileType = folder.assetcatalog; path = Assets.xcassets; sourceTree = "<group>"; };
		CE817EAE1F0A9FB5005EFDA3 /* Base */ = {isa = PBXFileReference; lastKnownFileType = file.storyboard; name = Base; path = Base.lproj/LaunchScreen.storyboard; sourceTree = "<group>"; };
		CE817EB01F0A9FB5005EFDA3 /* Info.plist */ = {isa = PBXFileReference; lastKnownFileType = text.plist.xml; path = Info.plist; sourceTree = "<group>"; };
/* End PBXFileReference section */

/* Begin PBXFrameworksBuildPhase section */
		CE817E9E1F0A9FB5005EFDA3 /* Frameworks */ = {
			isa = PBXFrameworksBuildPhase;
			buildActionMask = 2147483647;
			files = (
			);
			runOnlyForDeploymentPostprocessing = 0;
		};
/* End PBXFrameworksBuildPhase section */

/* Begin PBXGroup section */
		CE7284C01F0BF9ED00D15D97 /* Shopping Tasks */ = {
			isa = PBXGroup;
			children = (
				CE117BF61F0E9821001B2A58 /* ShoppingTableViewCell.swift */,
				CE117BF81F0E984C001B2A58 /* ShoppingViewController.swift */,
			);
			name = "Shopping Tasks";
			sourceTree = "<group>";
		};
		CE7284C91F0C07C800D15D97 /* To Do Tasks */ = {
			isa = PBXGroup;
			children = (
				CE7284CA1F0C07E600D15D97 /* TodoTableViewCell.swift */,
				CE7284C51F0C07A800D15D97 /* TodoViewController.swift */,
			);
			name = "To Do Tasks";
			sourceTree = "<group>";
		};
		CE817E981F0A9FB5005EFDA3 = {
			isa = PBXGroup;
			children = (
				CE817EA31F0A9FB5005EFDA3 /* homework7 */,
				CE817EA21F0A9FB5005EFDA3 /* Products */,
			);
			sourceTree = "<group>";
		};
		CE817EA21F0A9FB5005EFDA3 /* Products */ = {
			isa = PBXGroup;
			children = (
				CE817EA11F0A9FB5005EFDA3 /* homework7.app */,
			);
			name = Products;
			sourceTree = "<group>";
		};
		CE817EA31F0A9FB5005EFDA3 /* homework7 */ = {
			isa = PBXGroup;
			children = (
				CE7284C31F0BFA6400D15D97 /* Tasks.swift */,
				CE7284C91F0C07C800D15D97 /* To Do Tasks */,
				CE7284C01F0BF9ED00D15D97 /* Shopping Tasks */,
				CE817EA41F0A9FB5005EFDA3 /* AppDelegate.swift */,
				CE817EA61F0A9FB5005EFDA3 /* ViewController.swift */,
				CE817EA81F0A9FB5005EFDA3 /* Main.storyboard */,
				CE817EAB1F0A9FB5005EFDA3 /* Assets.xcassets */,
				CE817EAD1F0A9FB5005EFDA3 /* LaunchScreen.storyboard */,
				CE817EB01F0A9FB5005EFDA3 /* Info.plist */,
			);
			path = homework7;
			sourceTree = "<group>";
		};
/* End PBXGroup section */

/* Begin PBXNativeTarget section */
		CE817EA01F0A9FB5005EFDA3 /* homework7 */ = {
			isa = PBXNativeTarget;
			buildConfigurationList = CE817EB31F0A9FB5005EFDA3 /* Build configuration list for PBXNativeTarget "homework7" */;
			buildPhases = (
				CE817E9D1F0A9FB5005EFDA3 /* Sources */,
				CE817E9E1F0A9FB5005EFDA3 /* Frameworks */,
				CE817E9F1F0A9FB5005EFDA3 /* Resources */,
			);
			buildRules = (
			);
			dependencies = (
			);
			name = homework7;
			productName = homework7;
			productReference = CE817EA11F0A9FB5005EFDA3 /* homework7.app */;
			productType = "com.apple.product-type.application";
		};
/* End PBXNativeTarget section */

/* Begin PBXProject section */
		CE817E991F0A9FB5005EFDA3 /* Project object */ = {
			isa = PBXProject;
			attributes = {
				LastSwiftUpdateCheck = 0830;
				LastUpgradeCheck = 0830;
				ORGANIZATIONNAME = fijirald;
				TargetAttributes = {
					CE817EA01F0A9FB5005EFDA3 = {
						CreatedOnToolsVersion = 8.3.3;
						ProvisioningStyle = Automatic;
					};
				};
			};
			buildConfigurationList = CE817E9C1F0A9FB5005EFDA3 /* Build configuration list for PBXProject "homework7" */;
			compatibilityVersion = "Xcode 3.2";
			developmentRegion = English;
			hasScannedForEncodings = 0;
			knownRegions = (
				en,
				Base,
			);
			mainGroup = CE817E981F0A9FB5005EFDA3;
			productRefGroup = CE817EA21F0A9FB5005EFDA3 /* Products */;
			projectDirPath = "";
			projectRoot = "";
			targets = (
				CE817EA01F0A9FB5005EFDA3 /* homework7 */,
			);
		};
/* End PBXProject section */

/* Begin PBXResourcesBuildPhase section */
		CE817E9F1F0A9FB5005EFDA3 /* Resources */ = {
			isa = PBXResourcesBuildPhase;
			buildActionMask = 2147483647;
			files = (
				CE817EAF1F0A9FB5005EFDA3 /* LaunchScreen.storyboard in Resources */,
				CE817EAC1F0A9FB5005EFDA3 /* Assets.xcassets in Resources */,
				CE817EAA1F0A9FB5005EFDA3 /* Main.storyboard in Resources */,
			);
			runOnlyForDeploymentPostprocessing = 0;
		};
/* End PBXResourcesBuildPhase section */

/* Begin PBXSourcesBuildPhase section */
		CE817E9D1F0A9FB5005EFDA3 /* Sources */ = {
			isa = PBXSourcesBuildPhase;
			buildActionMask = 2147483647;
			files = (
				CE7284C61F0C07A800D15D97 /* TodoViewController.swift in Sources */,
				CE117BF71F0E9821001B2A58 /* ShoppingTableViewCell.swift in Sources */,
				CE117BF91F0E984C001B2A58 /* ShoppingViewController.swift in Sources */,
				CE817EA71F0A9FB5005EFDA3 /* ViewController.swift in Sources */,
				CE7284C41F0BFA6400D15D97 /* Tasks.swift in Sources */,
				CE7284CB1F0C07E600D15D97 /* TodoTableViewCell.swift in Sources */,
				CE817EA51F0A9FB5005EFDA3 /* AppDelegate.swift in Sources */,
			);
			runOnlyForDeploymentPostprocessing = 0;
		};
/* End PBXSourcesBuildPhase section */

/* Begin PBXVariantGroup section */
		CE817EA81F0A9FB5005EFDA3 /* Main.storyboard */ = {
			isa = PBXVariantGroup;
			children = (
				CE817EA91F0A9FB5005EFDA3 /* Base */,
			);
			name = Main.storyboard;
			sourceTree = "<group>";
		};
		CE817EAD1F0A9FB5005EFDA3 /* LaunchScreen.storyboard */ = {
			isa = PBXVariantGroup;
			children = (
				CE817EAE1F0A9FB5005EFDA3 /* Base */,
			);
			name = LaunchScreen.storyboard;
			sourceTree = "<group>";
		};
/* End PBXVariantGroup section */

/* Begin XCBuildConfiguration section */
		CE817EB11F0A9FB5005EFDA3 /* Debug */ = {
			isa = XCBuildConfiguration;
			buildSettings = {
				ALWAYS_SEARCH_USER_PATHS = NO;
				CLANG_ANALYZER_NONNULL = YES;
				CLANG_ANALYZER_NUMBER_OBJECT_CONVERSION = YES_AGGRESSIVE;
				CLANG_CXX_LANGUAGE_STANDARD = "gnu++0x";
				CLANG_CXX_LIBRARY = "libc++";
				CLANG_ENABLE_MODULES = YES;
				CLANG_ENABLE_OBJC_ARC = YES;
				CLANG_WARN_BOOL_CONVERSION = YES;
				CLANG_WARN_CONSTANT_CONVERSION = YES;
				CLANG_WARN_DIRECT_OBJC_ISA_USAGE = YES_ERROR;
				CLANG_WARN_DOCUMENTATION_COMMENTS = YES;
				CLANG_WARN_EMPTY_BODY = YES;
				CLANG_WARN_ENUM_CONVERSION = YES;
				CLANG_WARN_INFINITE_RECURSION = YES;
				CLANG_WARN_INT_CONVERSION = YES;
				CLANG_WARN_OBJC_ROOT_CLASS = YES_ERROR;
				CLANG_WARN_SUSPICIOUS_MOVE = YES;
				CLANG_WARN_UNREACHABLE_CODE = YES;
				CLANG_WARN__DUPLICATE_METHOD_MATCH = YES;
				"CODE_SIGN_IDENTITY[sdk=iphoneos*]" = "iPhone Developer";
				COPY_PHASE_STRIP = NO;
				DEBUG_INFORMATION_FORMAT = dwarf;
				ENABLE_STRICT_OBJC_MSGSEND = YES;
				ENABLE_TESTABILITY = YES;
				GCC_C_LANGUAGE_STANDARD = gnu99;
				GCC_DYNAMIC_NO_PIC = NO;
				GCC_NO_COMMON_BLOCKS = YES;
				GCC_OPTIMIZATION_LEVEL = 0;
				GCC_PREPROCESSOR_DEFINITIONS = (
					"DEBUG=1",
					"$(inherited)",
				);
				GCC_WARN_64_TO_32_BIT_CONVERSION = YES;
				GCC_WARN_ABOUT_RETURN_TYPE = YES_ERROR;
				GCC_WARN_UNDECLARED_SELECTOR = YES;
				GCC_WARN_UNINITIALIZED_AUTOS = YES_AGGRESSIVE;
				GCC_WARN_UNUSED_FUNCTION = YES;
				GCC_WARN_UNUSED_VARIABLE = YES;
				IPHONEOS_DEPLOYMENT_TARGET = 10.0;
				MTL_ENABLE_DEBUG_INFO = YES;
				ONLY_ACTIVE_ARCH = YES;
				SDKROOT = iphoneos;
				SWIFT_ACTIVE_COMPILATION_CONDITIONS = DEBUG;
				SWIFT_OPTIMIZATION_LEVEL = "-Onone";
				TARGETED_DEVICE_FAMILY = "1,2";
			};
			name = Debug;
		};
		CE817EB21F0A9FB5005EFDA3 /* Release */ = {
			isa = XCBuildConfiguration;
			buildSettings = {
				ALWAYS_SEARCH_USER_PATHS = NO;
				CLANG_ANALYZER_NONNULL = YES;
				CLANG_ANALYZER_NUMBER_OBJECT_CONVERSION = YES_AGGRESSIVE;
				CLANG_CXX_LANGUAGE_STANDARD = "gnu++0x";
				CLANG_CXX_LIBRARY = "libc++";
				CLANG_ENABLE_MODULES = YES;
				CLANG_ENABLE_OBJC_ARC = YES;
				CLANG_WARN_BOOL_CONVERSION = YES;
				CLANG_WARN_CONSTANT_CONVERSION = YES;
				CLANG_WARN_DIRECT_OBJC_ISA_USAGE = YES_ERROR;
				CLANG_WARN_DOCUMENTATION_COMMENTS = YES;
				CLANG_WARN_EMPTY_BODY = YES;
				CLANG_WARN_ENUM_CONVERSION = YES;
				CLANG_WARN_INFINITE_RECURSION = YES;
				CLANG_WARN_INT_CONVERSION = YES;
				CLANG_WARN_OBJC_ROOT_CLASS = YES_ERROR;
				CLANG_WARN_SUSPICIOUS_MOVE = YES;
				CLANG_WARN_UNREACHABLE_CODE = YES;
				CLANG_WARN__DUPLICATE_METHOD_MATCH = YES;
				"CODE_SIGN_IDENTITY[sdk=iphoneos*]" = "iPhone Developer";
				COPY_PHASE_STRIP = NO;
				DEBUG_INFORMATION_FORMAT = "dwarf-with-dsym";
				ENABLE_NS_ASSERTIONS = NO;
				ENABLE_STRICT_OBJC_MSGSEND = YES;
				GCC_C_LANGUAGE_STANDARD = gnu99;
				GCC_NO_COMMON_BLOCKS = YES;
				GCC_WARN_64_TO_32_BIT_CONVERSION = YES;
				GCC_WARN_ABOUT_RETURN_TYPE = YES_ERROR;
				GCC_WARN_UNDECLARED_SELECTOR = YES;
				GCC_WARN_UNINITIALIZED_AUTOS = YES_AGGRESSIVE;
				GCC_WARN_UNUSED_FUNCTION = YES;
				GCC_WARN_UNUSED_VARIABLE = YES;
				IPHONEOS_DEPLOYMENT_TARGET = 10.0;
				MTL_ENABLE_DEBUG_INFO = NO;
				SDKROOT = iphoneos;
				SWIFT_OPTIMIZATION_LEVEL = "-Owholemodule";
				TARGETED_DEVICE_FAMILY = "1,2";
				VALIDATE_PRODUCT = YES;
			};
			name = Release;
		};
		CE817EB41F0A9FB5005EFDA3 /* Debug */ = {
			isa = XCBuildConfiguration;
			buildSettings = {
				ASSETCATALOG_COMPILER_APPICON_NAME = AppIcon;
				INFOPLIST_FILE = homework7/Info.plist;
				IPHONEOS_DEPLOYMENT_TARGET = 10.0;
				LD_RUNPATH_SEARCH_PATHS = "$(inherited) @executable_path/Frameworks";
				PRODUCT_BUNDLE_IDENTIFIER = dmitriyyurchenko99.homework7;
				PRODUCT_NAME = "$(TARGET_NAME)";
				SWIFT_VERSION = 3.0;
				TARGETED_DEVICE_FAMILY = 1;
			};
			name = Debug;
		};
		CE817EB51F0A9FB5005EFDA3 /* Release */ = {
			isa = XCBuildConfiguration;
			buildSettings = {
				ASSETCATALOG_COMPILER_APPICON_NAME = AppIcon;
				INFOPLIST_FILE = homework7/Info.plist;
				IPHONEOS_DEPLOYMENT_TARGET = 10.0;
				LD_RUNPATH_SEARCH_PATHS = "$(inherited) @executable_path/Frameworks";
				PRODUCT_BUNDLE_IDENTIFIER = dmitriyyurchenko99.homework7;
				PRODUCT_NAME = "$(TARGET_NAME)";
				SWIFT_VERSION = 3.0;
				TARGETED_DEVICE_FAMILY = 1;
			};
			name = Release;
		};
/* End XCBuildConfiguration section */

/* Begin XCConfigurationList section */
		CE817E9C1F0A9FB5005EFDA3 /* Build configuration list for PBXProject "homework7" */ = {
			isa = XCConfigurationList;
			buildConfigurations = (
				CE817EB11F0A9FB5005EFDA3 /* Debug */,
				CE817EB21F0A9FB5005EFDA3 /* Release */,
			);
			defaultConfigurationIsVisible = 0;
			defaultConfigurationName = Release;
		};
		CE817EB31F0A9FB5005EFDA3 /* Build configuration list for PBXNativeTarget "homework7" */ = {
			isa = XCConfigurationList;
			buildConfigurations = (
				CE817EB41F0A9FB5005EFDA3 /* Debug */,
				CE817EB51F0A9FB5005EFDA3 /* Release */,
			);
			defaultConfigurationIsVisible = 0;
			defaultConfigurationName = Release;
		};
/* End XCConfigurationList section */
	};
	rootObject = CE817E991F0A9FB5005EFDA3 /* Project object */;
}
